
Microsoft Visual Studio Solution File, Format Version 12.00
# Visual Studio 2012
VisualStudioVersion = 14.0.23107.0
MinimumVisualStudioVersion = 10.0.40219.1
Project("{FAE04EC0-301F-11D3-BF4B-00C04F79EFBC}") = "DiscordSharp", "DiscordSharp\DiscordSharp.csproj", "{A96FFE9E-3650-4976-872E-5BB336CC1589}"
EndProject
Project("{FAE04EC0-301F-11D3-BF4B-00C04F79EFBC}") = "DiscordSharpTestApplication", "DiscordSharpTestApplication\DiscordSharpTestApplication.csproj", "{02AA3864-7A3D-45E4-92DE-C6DAE8972ABF}"
EndProject
Project("{FAE04EC0-301F-11D3-BF4B-00C04F79EFBC}") = "DiscordGUI", "DiscordGUI\DiscordGUI.csproj", "{B4946B97-7039-48AB-B9EF-2C68420B6316}"
EndProject
Global
	GlobalSection(SolutionConfigurationPlatforms) = preSolution
		Debug|Any CPU = Debug|Any CPU
		Release|Any CPU = Release|Any CPU
	EndGlobalSection
	GlobalSection(ProjectConfigurationPlatforms) = postSolution
		{02AA3864-7A3D-45E4-92DE-C6DAE8972ABF}.Debug|Any CPU.ActiveCfg = Debug|Any CPU
		{02AA3864-7A3D-45E4-92DE-C6DAE8972ABF}.Debug|Any CPU.Build.0 = Debug|Any CPU
		{02AA3864-7A3D-45E4-92DE-C6DAE8972ABF}.Release|Any CPU.ActiveCfg = Release|Any CPU
		{02AA3864-7A3D-45E4-92DE-C6DAE8972ABF}.Release|Any CPU.Build.0 = Release|Any CPU
		{A96FFE9E-3650-4976-872E-5BB336CC1589}.Debug|Any CPU.ActiveCfg = Debug|Any CPU
		{A96FFE9E-3650-4976-872E-5BB336CC1589}.Debug|Any CPU.Build.0 = Debug|Any CPU
		{A96FFE9E-3650-4976-872E-5BB336CC1589}.Release|Any CPU.ActiveCfg = Release|Any CPU
		{A96FFE9E-3650-4976-872E-5BB336CC1589}.Release|Any CPU.Build.0 = Release|Any CPU
		{B4946B97-7039-48AB-B9EF-2C68420B6316}.Debug|Any CPU.ActiveCfg = Debug|Any CPU
		{B4946B97-7039-48AB-B9EF-2C68420B6316}.Debug|Any CPU.Build.0 = Debug|Any CPU
		{B4946B97-7039-48AB-B9EF-2C68420B6316}.Release|Any CPU.ActiveCfg = Release|Any CPU
		{B4946B97-7039-48AB-B9EF-2C68420B6316}.Release|Any CPU.Build.0 = Release|Any CPU
	EndGlobalSection
	GlobalSection(SolutionProperties) = preSolution
		HideSolutionNode = FALSE
	EndGlobalSection
EndGlobal
