
Microsoft Visual Studio Solution File, Format Version 12.00
# Visual Studio 14
VisualStudioVersion = 14.0.25420.1
MinimumVisualStudioVersion = 10.0.40219.1
Project("{FAE04EC0-301F-11D3-BF4B-00C04F79EFBC}") = "DSharpPlus.Github", "DSharpPlus.Github\DSharpPlus.Github.csproj", "{467DD8EB-BFC4-4E88-AF38-73A4201E038A}"
EndProject
Project("{FAE04EC0-301F-11D3-BF4B-00C04F79EFBC}") = "DSharpPlus", "DSharpPlus\DSharpPlus.csproj", "{A96FFE9E-3650-4976-872E-5BB336CC1589}"
EndProject
Project("{FAE04EC0-301F-11D3-BF4B-00C04F79EFBC}") = "TestBot", "TestBot\TestBot.csproj", "{C995892D-F5E3-4E4F-B573-36E867543A6A}"
EndProject
Global
	GlobalSection(SolutionConfigurationPlatforms) = preSolution
		Debug|Any CPU = Debug|Any CPU
		Debug|x64 = Debug|x64
		Debug|x86 = Debug|x86
		DebugDLL|Any CPU = DebugDLL|Any CPU
		DebugDLL|x64 = DebugDLL|x64
		DebugDLL|x86 = DebugDLL|x86
		Release|Any CPU = Release|Any CPU
		Release|x64 = Release|x64
		Release|x86 = Release|x86
		ReleaseDLL|Any CPU = ReleaseDLL|Any CPU
		ReleaseDLL|x64 = ReleaseDLL|x64
		ReleaseDLL|x86 = ReleaseDLL|x86
	EndGlobalSection
	GlobalSection(ProjectConfigurationPlatforms) = postSolution
		{467DD8EB-BFC4-4E88-AF38-73A4201E038A}.Debug|Any CPU.ActiveCfg = Debug|Any CPU
		{467DD8EB-BFC4-4E88-AF38-73A4201E038A}.Debug|Any CPU.Build.0 = Debug|Any CPU
		{467DD8EB-BFC4-4E88-AF38-73A4201E038A}.Debug|x64.ActiveCfg = Debug|Any CPU
		{467DD8EB-BFC4-4E88-AF38-73A4201E038A}.Debug|x64.Build.0 = Debug|Any CPU
		{467DD8EB-BFC4-4E88-AF38-73A4201E038A}.Debug|x86.ActiveCfg = Debug|Any CPU
		{467DD8EB-BFC4-4E88-AF38-73A4201E038A}.Debug|x86.Build.0 = Debug|Any CPU
		{467DD8EB-BFC4-4E88-AF38-73A4201E038A}.DebugDLL|Any CPU.ActiveCfg = Debug|Any CPU
		{467DD8EB-BFC4-4E88-AF38-73A4201E038A}.DebugDLL|Any CPU.Build.0 = Debug|Any CPU
		{467DD8EB-BFC4-4E88-AF38-73A4201E038A}.DebugDLL|x64.ActiveCfg = Debug|Any CPU
		{467DD8EB-BFC4-4E88-AF38-73A4201E038A}.DebugDLL|x64.Build.0 = Debug|Any CPU
		{467DD8EB-BFC4-4E88-AF38-73A4201E038A}.DebugDLL|x86.ActiveCfg = Debug|Any CPU
		{467DD8EB-BFC4-4E88-AF38-73A4201E038A}.DebugDLL|x86.Build.0 = Debug|Any CPU
		{467DD8EB-BFC4-4E88-AF38-73A4201E038A}.Release|Any CPU.ActiveCfg = Release|Any CPU
		{467DD8EB-BFC4-4E88-AF38-73A4201E038A}.Release|Any CPU.Build.0 = Release|Any CPU
		{467DD8EB-BFC4-4E88-AF38-73A4201E038A}.Release|x64.ActiveCfg = Release|Any CPU
		{467DD8EB-BFC4-4E88-AF38-73A4201E038A}.Release|x64.Build.0 = Release|Any CPU
		{467DD8EB-BFC4-4E88-AF38-73A4201E038A}.Release|x86.ActiveCfg = Release|Any CPU
		{467DD8EB-BFC4-4E88-AF38-73A4201E038A}.Release|x86.Build.0 = Release|Any CPU
		{467DD8EB-BFC4-4E88-AF38-73A4201E038A}.ReleaseDLL|Any CPU.ActiveCfg = Release|Any CPU
		{467DD8EB-BFC4-4E88-AF38-73A4201E038A}.ReleaseDLL|Any CPU.Build.0 = Release|Any CPU
		{467DD8EB-BFC4-4E88-AF38-73A4201E038A}.ReleaseDLL|x64.ActiveCfg = Release|Any CPU
		{467DD8EB-BFC4-4E88-AF38-73A4201E038A}.ReleaseDLL|x64.Build.0 = Release|Any CPU
		{467DD8EB-BFC4-4E88-AF38-73A4201E038A}.ReleaseDLL|x86.ActiveCfg = Release|Any CPU
		{467DD8EB-BFC4-4E88-AF38-73A4201E038A}.ReleaseDLL|x86.Build.0 = Release|Any CPU
		{A96FFE9E-3650-4976-872E-5BB336CC1589}.Debug|Any CPU.ActiveCfg = Debug|Any CPU
		{A96FFE9E-3650-4976-872E-5BB336CC1589}.Debug|Any CPU.Build.0 = Debug|Any CPU
		{A96FFE9E-3650-4976-872E-5BB336CC1589}.Debug|x64.ActiveCfg = Debug|Any CPU
		{A96FFE9E-3650-4976-872E-5BB336CC1589}.Debug|x64.Build.0 = Debug|Any CPU
		{A96FFE9E-3650-4976-872E-5BB336CC1589}.Debug|x86.ActiveCfg = Debug|Any CPU
		{A96FFE9E-3650-4976-872E-5BB336CC1589}.Debug|x86.Build.0 = Debug|Any CPU
		{A96FFE9E-3650-4976-872E-5BB336CC1589}.DebugDLL|Any CPU.ActiveCfg = Debug|Any CPU
		{A96FFE9E-3650-4976-872E-5BB336CC1589}.DebugDLL|Any CPU.Build.0 = Debug|Any CPU
		{A96FFE9E-3650-4976-872E-5BB336CC1589}.DebugDLL|x64.ActiveCfg = Debug|Any CPU
		{A96FFE9E-3650-4976-872E-5BB336CC1589}.DebugDLL|x64.Build.0 = Debug|Any CPU
		{A96FFE9E-3650-4976-872E-5BB336CC1589}.DebugDLL|x86.ActiveCfg = Debug|Any CPU
		{A96FFE9E-3650-4976-872E-5BB336CC1589}.DebugDLL|x86.Build.0 = Debug|Any CPU
		{A96FFE9E-3650-4976-872E-5BB336CC1589}.Release|Any CPU.ActiveCfg = Release|Any CPU
		{A96FFE9E-3650-4976-872E-5BB336CC1589}.Release|Any CPU.Build.0 = Release|Any CPU
		{A96FFE9E-3650-4976-872E-5BB336CC1589}.Release|x64.ActiveCfg = Release|Any CPU
		{A96FFE9E-3650-4976-872E-5BB336CC1589}.Release|x64.Build.0 = Release|Any CPU
		{A96FFE9E-3650-4976-872E-5BB336CC1589}.Release|x86.ActiveCfg = Release|Any CPU
		{A96FFE9E-3650-4976-872E-5BB336CC1589}.Release|x86.Build.0 = Release|Any CPU
		{A96FFE9E-3650-4976-872E-5BB336CC1589}.ReleaseDLL|Any CPU.ActiveCfg = Release|Any CPU
		{A96FFE9E-3650-4976-872E-5BB336CC1589}.ReleaseDLL|Any CPU.Build.0 = Release|Any CPU
		{A96FFE9E-3650-4976-872E-5BB336CC1589}.ReleaseDLL|x64.ActiveCfg = Release|Any CPU
		{A96FFE9E-3650-4976-872E-5BB336CC1589}.ReleaseDLL|x64.Build.0 = Release|Any CPU
		{A96FFE9E-3650-4976-872E-5BB336CC1589}.ReleaseDLL|x86.ActiveCfg = Release|Any CPU
		{A96FFE9E-3650-4976-872E-5BB336CC1589}.ReleaseDLL|x86.Build.0 = Release|Any CPU
		{C995892D-F5E3-4E4F-B573-36E867543A6A}.Debug|Any CPU.ActiveCfg = Debug|Any CPU
		{C995892D-F5E3-4E4F-B573-36E867543A6A}.Debug|Any CPU.Build.0 = Debug|Any CPU
		{C995892D-F5E3-4E4F-B573-36E867543A6A}.Debug|x64.ActiveCfg = Debug|Any CPU
		{C995892D-F5E3-4E4F-B573-36E867543A6A}.Debug|x64.Build.0 = Debug|Any CPU
		{C995892D-F5E3-4E4F-B573-36E867543A6A}.Debug|x86.ActiveCfg = Debug|Any CPU
		{C995892D-F5E3-4E4F-B573-36E867543A6A}.Debug|x86.Build.0 = Debug|Any CPU
		{C995892D-F5E3-4E4F-B573-36E867543A6A}.DebugDLL|Any CPU.ActiveCfg = Debug|Any CPU
		{C995892D-F5E3-4E4F-B573-36E867543A6A}.DebugDLL|Any CPU.Build.0 = Debug|Any CPU
		{C995892D-F5E3-4E4F-B573-36E867543A6A}.DebugDLL|x64.ActiveCfg = Debug|Any CPU
		{C995892D-F5E3-4E4F-B573-36E867543A6A}.DebugDLL|x64.Build.0 = Debug|Any CPU
		{C995892D-F5E3-4E4F-B573-36E867543A6A}.DebugDLL|x86.ActiveCfg = Debug|Any CPU
		{C995892D-F5E3-4E4F-B573-36E867543A6A}.DebugDLL|x86.Build.0 = Debug|Any CPU
		{C995892D-F5E3-4E4F-B573-36E867543A6A}.Release|Any CPU.ActiveCfg = Release|Any CPU
		{C995892D-F5E3-4E4F-B573-36E867543A6A}.Release|Any CPU.Build.0 = Release|Any CPU
		{C995892D-F5E3-4E4F-B573-36E867543A6A}.Release|x64.ActiveCfg = Release|Any CPU
		{C995892D-F5E3-4E4F-B573-36E867543A6A}.Release|x64.Build.0 = Release|Any CPU
		{C995892D-F5E3-4E4F-B573-36E867543A6A}.Release|x86.ActiveCfg = Release|Any CPU
		{C995892D-F5E3-4E4F-B573-36E867543A6A}.Release|x86.Build.0 = Release|Any CPU
		{C995892D-F5E3-4E4F-B573-36E867543A6A}.ReleaseDLL|Any CPU.ActiveCfg = Release|Any CPU
		{C995892D-F5E3-4E4F-B573-36E867543A6A}.ReleaseDLL|Any CPU.Build.0 = Release|Any CPU
		{C995892D-F5E3-4E4F-B573-36E867543A6A}.ReleaseDLL|x64.ActiveCfg = Release|Any CPU
		{C995892D-F5E3-4E4F-B573-36E867543A6A}.ReleaseDLL|x64.Build.0 = Release|Any CPU
		{C995892D-F5E3-4E4F-B573-36E867543A6A}.ReleaseDLL|x86.ActiveCfg = Release|Any CPU
		{C995892D-F5E3-4E4F-B573-36E867543A6A}.ReleaseDLL|x86.Build.0 = Release|Any CPU
	EndGlobalSection
	GlobalSection(SolutionProperties) = preSolution
		HideSolutionNode = FALSE
	EndGlobalSection
EndGlobal
