
Microsoft Visual Studio Solution File, Format Version 12.00
# Visual Studio Version 17
VisualStudioVersion = 17.5.33209.295
MinimumVisualStudioVersion = 10.0.40219.1
Project("{9A19103F-16F7-4668-BE54-9A1E7A4F7556}") = "DSharpPlus", "DSharpPlus\DSharpPlus.csproj", "{EB3D8310-DFAD-4295-97F9-82E253647583}"
EndProject
Project("{9A19103F-16F7-4668-BE54-9A1E7A4F7556}") = "DSharpPlus.VoiceNext", "DSharpPlus.VoiceNext\DSharpPlus.VoiceNext.csproj", "{FB6B9EE9-65FB-4DFB-8D51-06F0BE6C1BA5}"
EndProject
Project("{2150E333-8FDC-42A3-9474-1A3956D46DE8}") = "Solution Items", "Solution Items", "{4255B64D-92EC-46B3-BC3B-ED2C3A8073EE}"
	ProjectSection(SolutionItems) = preProject
		.editorconfig = .editorconfig
		CONTRIBUTING.md = CONTRIBUTING.md
		LICENSE = LICENSE
		README.md = README.md
	EndProjectSection
EndProject
Project("{9A19103F-16F7-4668-BE54-9A1E7A4F7556}") = "DSharpPlus.CommandsNext", "DSharpPlus.CommandsNext\DSharpPlus.CommandsNext.csproj", "{C8ED55FB-E028-468D-955F-1534C20274EF}"
EndProject
Project("{9A19103F-16F7-4668-BE54-9A1E7A4F7556}") = "DSharpPlus.Interactivity", "DSharpPlus.Interactivity\DSharpPlus.Interactivity.csproj", "{DD32BEC3-0189-479F-86DC-CCF95E5634A9}"
EndProject
Project("{9A19103F-16F7-4668-BE54-9A1E7A4F7556}") = "DSharpPlus.Rest", "DSharpPlus.Rest\DSharpPlus.Rest.csproj", "{E5E0EBFA-06CD-4F28-B60E-4B65860344F9}"
EndProject
Project("{2150E333-8FDC-42A3-9474-1A3956D46DE8}") = "Build Items", "Build Items", "{84464D70-687B-40A8-836D-C4F737698969}"
	ProjectSection(SolutionItems) = preProject
		Directory.Build.props = Directory.Build.props
		Directory.Packages.props = Directory.Packages.props
		.github\workflows\publish_nightly_v5.yml = .github\workflows\publish_nightly_v5.yml
		.github\workflows\publish_release_v5.yml = .github\workflows\publish_release_v5.yml
	EndProjectSection
EndProject
Project("{2150E333-8FDC-42A3-9474-1A3956D46DE8}") = ".github", ".github", "{430C28D8-5F85-4D6E-AA68-211549435245}"
	ProjectSection(SolutionItems) = preProject
		.github\FUNDING.yml = .github\FUNDING.yml
		.github\ISSUE_TEMPLATE.md = .github\ISSUE_TEMPLATE.md
		.github\PULL_REQUEST_TEMPLATE.md = .github\PULL_REQUEST_TEMPLATE.md
	EndProjectSection
EndProject
Project("{2150E333-8FDC-42A3-9474-1A3956D46DE8}") = "tools", "tools", "{1092E215-3968-4EB5-998F-93F0F0809728}"
EndProject
Project("{9A19103F-16F7-4668-BE54-9A1E7A4F7556}") = "DSharpPlus.Commands", "DSharpPlus.Commands\DSharpPlus.Commands.csproj", "{0CAFE4E5-4742-417B-9279-BEE069D9C0D4}"
EndProject
Project("{9A19103F-16F7-4668-BE54-9A1E7A4F7556}") = "DSharpPlus.Tests", "DSharpPlus.Tests\DSharpPlus.Tests.csproj", "{78C5B232-AA4A-4DA0-868E-B5F090929469}"
EndProject
Project("{9A19103F-16F7-4668-BE54-9A1E7A4F7556}") = "DSharpPlus.Tools.CodeBlockLanguageListGen", "tools\DSharpPlus.Tools.CodeBlockLanguageListGen\DSharpPlus.Tools.CodeBlockLanguageListGen.csproj", "{CE500A4B-06D0-48B8-ABD8-E021A12AFFA8}"
EndProject
Project("{2150E333-8FDC-42A3-9474-1A3956D46DE8}") = "obsolete", "obsolete", "{E4A1A178-BEBD-4FDE-9629-B445E6CF975E}"
EndProject
Project("{9A19103F-16F7-4668-BE54-9A1E7A4F7556}") = "DSharpPlus.SlashCommands", "obsolete\DSharpPlus.SlashCommands\DSharpPlus.SlashCommands.csproj", "{C967DD7B-9CDE-47AF-B35A-875AF547DDDA}"
EndProject
Project("{FAE04EC0-301F-11D3-BF4B-00C04F79EFBC}") = "DSharpPlus.Http.AspNetCore", "DSharpPlus.Http.AspNetCore\DSharpPlus.Http.AspNetCore.csproj", "{0A1C0426-650F-4DAD-84B0-2191B94FDE50}"
EndProject
Global
	GlobalSection(SolutionConfigurationPlatforms) = preSolution
		Debug|Any CPU = Debug|Any CPU
		Release|Any CPU = Release|Any CPU
	EndGlobalSection
	GlobalSection(ProjectConfigurationPlatforms) = postSolution
		{EB3D8310-DFAD-4295-97F9-82E253647583}.Debug|Any CPU.ActiveCfg = Debug|Any CPU
		{EB3D8310-DFAD-4295-97F9-82E253647583}.Debug|Any CPU.Build.0 = Debug|Any CPU
		{EB3D8310-DFAD-4295-97F9-82E253647583}.Release|Any CPU.ActiveCfg = Release|Any CPU
		{EB3D8310-DFAD-4295-97F9-82E253647583}.Release|Any CPU.Build.0 = Release|Any CPU
		{FB6B9EE9-65FB-4DFB-8D51-06F0BE6C1BA5}.Debug|Any CPU.ActiveCfg = Debug|Any CPU
		{FB6B9EE9-65FB-4DFB-8D51-06F0BE6C1BA5}.Debug|Any CPU.Build.0 = Debug|Any CPU
		{FB6B9EE9-65FB-4DFB-8D51-06F0BE6C1BA5}.Release|Any CPU.ActiveCfg = Release|Any CPU
		{FB6B9EE9-65FB-4DFB-8D51-06F0BE6C1BA5}.Release|Any CPU.Build.0 = Release|Any CPU
		{C8ED55FB-E028-468D-955F-1534C20274EF}.Debug|Any CPU.ActiveCfg = Debug|Any CPU
		{C8ED55FB-E028-468D-955F-1534C20274EF}.Debug|Any CPU.Build.0 = Debug|Any CPU
		{C8ED55FB-E028-468D-955F-1534C20274EF}.Release|Any CPU.ActiveCfg = Release|Any CPU
		{C8ED55FB-E028-468D-955F-1534C20274EF}.Release|Any CPU.Build.0 = Release|Any CPU
		{DD32BEC3-0189-479F-86DC-CCF95E5634A9}.Debug|Any CPU.ActiveCfg = Debug|Any CPU
		{DD32BEC3-0189-479F-86DC-CCF95E5634A9}.Debug|Any CPU.Build.0 = Debug|Any CPU
		{DD32BEC3-0189-479F-86DC-CCF95E5634A9}.Release|Any CPU.ActiveCfg = Release|Any CPU
		{DD32BEC3-0189-479F-86DC-CCF95E5634A9}.Release|Any CPU.Build.0 = Release|Any CPU
		{E5E0EBFA-06CD-4F28-B60E-4B65860344F9}.Debug|Any CPU.ActiveCfg = Debug|Any CPU
		{E5E0EBFA-06CD-4F28-B60E-4B65860344F9}.Debug|Any CPU.Build.0 = Debug|Any CPU
		{E5E0EBFA-06CD-4F28-B60E-4B65860344F9}.Release|Any CPU.ActiveCfg = Release|Any CPU
		{E5E0EBFA-06CD-4F28-B60E-4B65860344F9}.Release|Any CPU.Build.0 = Release|Any CPU
		{0CAFE4E5-4742-417B-9279-BEE069D9C0D4}.Debug|Any CPU.ActiveCfg = Debug|Any CPU
		{0CAFE4E5-4742-417B-9279-BEE069D9C0D4}.Debug|Any CPU.Build.0 = Debug|Any CPU
		{0CAFE4E5-4742-417B-9279-BEE069D9C0D4}.Release|Any CPU.ActiveCfg = Release|Any CPU
		{0CAFE4E5-4742-417B-9279-BEE069D9C0D4}.Release|Any CPU.Build.0 = Release|Any CPU
		{78C5B232-AA4A-4DA0-868E-B5F090929469}.Debug|Any CPU.ActiveCfg = Debug|Any CPU
		{78C5B232-AA4A-4DA0-868E-B5F090929469}.Debug|Any CPU.Build.0 = Debug|Any CPU
		{78C5B232-AA4A-4DA0-868E-B5F090929469}.Release|Any CPU.ActiveCfg = Release|Any CPU
		{78C5B232-AA4A-4DA0-868E-B5F090929469}.Release|Any CPU.Build.0 = Release|Any CPU
		{CE500A4B-06D0-48B8-ABD8-E021A12AFFA8}.Debug|Any CPU.ActiveCfg = Debug|Any CPU
		{CE500A4B-06D0-48B8-ABD8-E021A12AFFA8}.Debug|Any CPU.Build.0 = Debug|Any CPU
		{CE500A4B-06D0-48B8-ABD8-E021A12AFFA8}.Release|Any CPU.ActiveCfg = Release|Any CPU
		{CE500A4B-06D0-48B8-ABD8-E021A12AFFA8}.Release|Any CPU.Build.0 = Release|Any CPU
		{C967DD7B-9CDE-47AF-B35A-875AF547DDDA}.Debug|Any CPU.ActiveCfg = Debug|Any CPU
		{C967DD7B-9CDE-47AF-B35A-875AF547DDDA}.Debug|Any CPU.Build.0 = Debug|Any CPU
		{C967DD7B-9CDE-47AF-B35A-875AF547DDDA}.Release|Any CPU.ActiveCfg = Release|Any CPU
		{C967DD7B-9CDE-47AF-B35A-875AF547DDDA}.Release|Any CPU.Build.0 = Release|Any CPU
		{0A1C0426-650F-4DAD-84B0-2191B94FDE50}.Debug|Any CPU.ActiveCfg = Debug|Any CPU
		{0A1C0426-650F-4DAD-84B0-2191B94FDE50}.Debug|Any CPU.Build.0 = Debug|Any CPU
		{0A1C0426-650F-4DAD-84B0-2191B94FDE50}.Release|Any CPU.ActiveCfg = Release|Any CPU
		{0A1C0426-650F-4DAD-84B0-2191B94FDE50}.Release|Any CPU.Build.0 = Release|Any CPU
	EndGlobalSection
	GlobalSection(SolutionProperties) = preSolution
		HideSolutionNode = FALSE
	EndGlobalSection
	GlobalSection(NestedProjects) = preSolution
		{430C28D8-5F85-4D6E-AA68-211549435245} = {4255B64D-92EC-46B3-BC3B-ED2C3A8073EE}
		{CE500A4B-06D0-48B8-ABD8-E021A12AFFA8} = {1092E215-3968-4EB5-998F-93F0F0809728}
		{C967DD7B-9CDE-47AF-B35A-875AF547DDDA} = {E4A1A178-BEBD-4FDE-9629-B445E6CF975E}
	EndGlobalSection
	GlobalSection(ExtensibilityGlobals) = postSolution
		SolutionGuid = {23F3A981-51B8-4285-A38C-3267F1D25FE7}
	EndGlobalSection
EndGlobal
