
Microsoft Visual Studio Solution File, Format Version 12.00
# Visual Studio Version 17
VisualStudioVersion = 17.0.31903.59
MinimumVisualStudioVersion = 10.0.40219.1
Project("{9A19103F-16F7-4668-BE54-9A1E7A4F7556}") = "DSharpPlus.Core.Abstractions.Models", "DSharpPlus.Core.Abstractions.Models\DSharpPlus.Core.Abstractions.Models.csproj", "{AF8283F9-AC6C-46AB-A4FC-D331C64BFFC9}"
EndProject
Project("{9A19103F-16F7-4668-BE54-9A1E7A4F7556}") = "DSharpPlus.Core.Models", "DSharpPlus.Core.Models\DSharpPlus.Core.Models.csproj", "{9699C432-CC00-48D3-8534-D949C77C6B87}"
EndProject
Project("{9A19103F-16F7-4668-BE54-9A1E7A4F7556}") = "DSharpPlus.Shared", "DSharpPlus.Shared\DSharpPlus.Shared.csproj", "{E9B2D26F-5E11-4198-8E00-A7780572C480}"
EndProject
Global
	GlobalSection(SolutionConfigurationPlatforms) = preSolution
		Debug|Any CPU = Debug|Any CPU
		Release|Any CPU = Release|Any CPU
	EndGlobalSection
	GlobalSection(ProjectConfigurationPlatforms) = postSolution
		{AF8283F9-AC6C-46AB-A4FC-D331C64BFFC9}.Debug|Any CPU.ActiveCfg = Debug|Any CPU
		{AF8283F9-AC6C-46AB-A4FC-D331C64BFFC9}.Debug|Any CPU.Build.0 = Debug|Any CPU
		{AF8283F9-AC6C-46AB-A4FC-D331C64BFFC9}.Release|Any CPU.ActiveCfg = Release|Any CPU
		{AF8283F9-AC6C-46AB-A4FC-D331C64BFFC9}.Release|Any CPU.Build.0 = Release|Any CPU
		{9699C432-CC00-48D3-8534-D949C77C6B87}.Debug|Any CPU.ActiveCfg = Debug|Any CPU
		{9699C432-CC00-48D3-8534-D949C77C6B87}.Debug|Any CPU.Build.0 = Debug|Any CPU
		{9699C432-CC00-48D3-8534-D949C77C6B87}.Release|Any CPU.ActiveCfg = Release|Any CPU
		{9699C432-CC00-48D3-8534-D949C77C6B87}.Release|Any CPU.Build.0 = Release|Any CPU
		{E9B2D26F-5E11-4198-8E00-A7780572C480}.Debug|Any CPU.ActiveCfg = Debug|Any CPU
		{E9B2D26F-5E11-4198-8E00-A7780572C480}.Debug|Any CPU.Build.0 = Debug|Any CPU
		{E9B2D26F-5E11-4198-8E00-A7780572C480}.Release|Any CPU.ActiveCfg = Release|Any CPU
		{E9B2D26F-5E11-4198-8E00-A7780572C480}.Release|Any CPU.Build.0 = Release|Any CPU
	EndGlobalSection
	GlobalSection(SolutionProperties) = preSolution
		HideSolutionNode = FALSE
	EndGlobalSection
EndGlobal
