
Microsoft Visual Studio Solution File, Format Version 12.00
# Visual Studio Version 17
VisualStudioVersion = 17.0.31903.59
MinimumVisualStudioVersion = 10.0.40219.1
Project("{FAE04EC0-301F-11D3-BF4B-00C04F79EFBC}") = "DSharpPlus.Etf", "DSharpPlus.Etf\DSharpPlus.Etf.csproj", "{4739EC8E-C952-427B-8771-12645BF14997}"
EndProject
Global
	GlobalSection(SolutionConfigurationPlatforms) = preSolution
		Debug|Any CPU = Debug|Any CPU
		Release|Any CPU = Release|Any CPU
	EndGlobalSection
	GlobalSection(SolutionProperties) = preSolution
		HideSolutionNode = FALSE
	EndGlobalSection
	GlobalSection(ProjectConfigurationPlatforms) = postSolution
		{4739EC8E-C952-427B-8771-12645BF14997}.Debug|Any CPU.ActiveCfg = Debug|Any CPU
		{4739EC8E-C952-427B-8771-12645BF14997}.Debug|Any CPU.Build.0 = Debug|Any CPU
		{4739EC8E-C952-427B-8771-12645BF14997}.Release|Any CPU.ActiveCfg = Release|Any CPU
		{4739EC8E-C952-427B-8771-12645BF14997}.Release|Any CPU.Build.0 = Release|Any CPU
	EndGlobalSection
EndGlobal
